{
  "name": "currency-converter-js",
  "version": "1.0.0",
  "lockfileVersion": 3,
  "requires": true,
  "packages": {
    "": {
      "name": "currency-converter-js",
      "version": "1.0.0",
      "license": "MIT",
      "dependencies": {
        "currency-exchangeapi-js": "^1.0.1"
      }
    },
    "node_modules/currency-exchangeapi-js": {
      "version": "1.0.1",
      "resolved": "https://registry.npmjs.org/currency-exchangeapi-js/-/currency-exchangeapi-js-1.0.1.tgz",
      "integrity": "sha512-DM+FBJV2LwJWvz94SYVw0jVPiY21A4xD4kY9tCjiFGnujiuZPdjWhV9iDx8zl/M/DwUHsht58aCLZavLIhb+kA=="
    }
  }
}
